
Microsoft Visual Studio Solution File, Format Version 12.00
# Visual Studio Version 17
VisualStudioVersion = 17.11.35222.181
MinimumVisualStudioVersion = 10.0.40219.1
Project("{9A19103F-16F7-4668-BE54-9A1E7A4F7556}") = "SMS.API", "SMS\SMS.API.csproj", "{B6860CCB-7112-4A01-9B73-D0F5EA8B540F}"
EndProject
Project("{2150E333-8FDC-42A3-9474-1A3956D46DE8}") = "src", "src", "{742A41BC-5CE5-475A-ABCA-562E8260559F}"
EndProject
Project("{2150E333-8FDC-42A3-9474-1A3956D46DE8}") = "API", "API", "{6779A23B-50F5-4B10-943E-DD04DFCA2906}"
EndProject
Project("{2150E333-8FDC-42A3-9474-1A3956D46DE8}") = "Core", "Core", "{C3634EAF-5D95-416A-B8EF-8E049E2A6833}"
EndProject
Project("{2150E333-8FDC-42A3-9474-1A3956D46DE8}") = "Infrastructure", "Infrastructure", "{B07C9F37-50A7-4410-BC33-75619F011BA5}"
EndProject
Project("{2150E333-8FDC-42A3-9474-1A3956D46DE8}") = "Migrators", "Migrators", "{CBB858D5-F10F-452C-B900-41AACAEB4D3B}"
EndProject
Project("{9A19103F-16F7-4668-BE54-9A1E7A4F7556}") = "SMS.Application", "SMS.Application\SMS.Application.csproj", "{0796DA1F-5BCD-4163-A931-D1014E26DB7B}"
EndProject
Project("{9A19103F-16F7-4668-BE54-9A1E7A4F7556}") = "SMS.Domain", "SMS.Domain\SMS.Domain.csproj", "{2BE5F909-11CB-47F5-886D-3A8572C9472E}"
EndProject
Project("{9A19103F-16F7-4668-BE54-9A1E7A4F7556}") = "SMS.Helper", "SMS.Helper\SMS.Helper.csproj", "{1EE0CB26-7860-4AF7-BB4E-C438C0D48A33}"
EndProject
Project("{9A19103F-16F7-4668-BE54-9A1E7A4F7556}") = "SMS.Identity", "SMS.Identity\SMS.Identity.csproj", "{AC41DFB2-4817-4075-93B4-A6E5EAC67325}"
EndProject
Project("{9A19103F-16F7-4668-BE54-9A1E7A4F7556}") = "SMS.Infrastructure", "SMS.Infrastructure\SMS.Infrastructure.csproj", "{E70D9D5C-6A45-4A8C-A098-EC2156467E52}"
EndProject
Project("{FAE04EC0-301F-11D3-BF4B-00C04F79EFBC}") = "SMS.Migrators.PostgresSQL", "SMS.Migrators.PostgresSQL\SMS.Migrators.PostgresSQL.csproj", "{ABBE73B4-6160-4D28-B9D7-79333449CD81}"
EndProject
Global
	GlobalSection(SolutionConfigurationPlatforms) = preSolution
		Debug|Any CPU = Debug|Any CPU
		Release|Any CPU = Release|Any CPU
	EndGlobalSection
	GlobalSection(ProjectConfigurationPlatforms) = postSolution
		{B6860CCB-7112-4A01-9B73-D0F5EA8B540F}.Debug|Any CPU.ActiveCfg = Debug|Any CPU
		{B6860CCB-7112-4A01-9B73-D0F5EA8B540F}.Debug|Any CPU.Build.0 = Debug|Any CPU
		{B6860CCB-7112-4A01-9B73-D0F5EA8B540F}.Release|Any CPU.ActiveCfg = Release|Any CPU
		{B6860CCB-7112-4A01-9B73-D0F5EA8B540F}.Release|Any CPU.Build.0 = Release|Any CPU
		{0796DA1F-5BCD-4163-A931-D1014E26DB7B}.Debug|Any CPU.ActiveCfg = Debug|Any CPU
		{0796DA1F-5BCD-4163-A931-D1014E26DB7B}.Debug|Any CPU.Build.0 = Debug|Any CPU
		{0796DA1F-5BCD-4163-A931-D1014E26DB7B}.Release|Any CPU.ActiveCfg = Release|Any CPU
		{0796DA1F-5BCD-4163-A931-D1014E26DB7B}.Release|Any CPU.Build.0 = Release|Any CPU
		{2BE5F909-11CB-47F5-886D-3A8572C9472E}.Debug|Any CPU.ActiveCfg = Debug|Any CPU
		{2BE5F909-11CB-47F5-886D-3A8572C9472E}.Debug|Any CPU.Build.0 = Debug|Any CPU
		{2BE5F909-11CB-47F5-886D-3A8572C9472E}.Release|Any CPU.ActiveCfg = Release|Any CPU
		{2BE5F909-11CB-47F5-886D-3A8572C9472E}.Release|Any CPU.Build.0 = Release|Any CPU
		{1EE0CB26-7860-4AF7-BB4E-C438C0D48A33}.Debug|Any CPU.ActiveCfg = Debug|Any CPU
		{1EE0CB26-7860-4AF7-BB4E-C438C0D48A33}.Debug|Any CPU.Build.0 = Debug|Any CPU
		{1EE0CB26-7860-4AF7-BB4E-C438C0D48A33}.Release|Any CPU.ActiveCfg = Release|Any CPU
		{1EE0CB26-7860-4AF7-BB4E-C438C0D48A33}.Release|Any CPU.Build.0 = Release|Any CPU
		{AC41DFB2-4817-4075-93B4-A6E5EAC67325}.Debug|Any CPU.ActiveCfg = Debug|Any CPU
		{AC41DFB2-4817-4075-93B4-A6E5EAC67325}.Debug|Any CPU.Build.0 = Debug|Any CPU
		{AC41DFB2-4817-4075-93B4-A6E5EAC67325}.Release|Any CPU.ActiveCfg = Release|Any CPU
		{AC41DFB2-4817-4075-93B4-A6E5EAC67325}.Release|Any CPU.Build.0 = Release|Any CPU
		{E70D9D5C-6A45-4A8C-A098-EC2156467E52}.Debug|Any CPU.ActiveCfg = Debug|Any CPU
		{E70D9D5C-6A45-4A8C-A098-EC2156467E52}.Debug|Any CPU.Build.0 = Debug|Any CPU
		{E70D9D5C-6A45-4A8C-A098-EC2156467E52}.Release|Any CPU.ActiveCfg = Release|Any CPU
		{E70D9D5C-6A45-4A8C-A098-EC2156467E52}.Release|Any CPU.Build.0 = Release|Any CPU
		{ABBE73B4-6160-4D28-B9D7-79333449CD81}.Debug|Any CPU.ActiveCfg = Debug|Any CPU
		{ABBE73B4-6160-4D28-B9D7-79333449CD81}.Debug|Any CPU.Build.0 = Debug|Any CPU
		{ABBE73B4-6160-4D28-B9D7-79333449CD81}.Release|Any CPU.ActiveCfg = Release|Any CPU
		{ABBE73B4-6160-4D28-B9D7-79333449CD81}.Release|Any CPU.Build.0 = Release|Any CPU
	EndGlobalSection
	GlobalSection(SolutionProperties) = preSolution
		HideSolutionNode = FALSE
	EndGlobalSection
	GlobalSection(NestedProjects) = preSolution
		{B6860CCB-7112-4A01-9B73-D0F5EA8B540F} = {6779A23B-50F5-4B10-943E-DD04DFCA2906}
		{6779A23B-50F5-4B10-943E-DD04DFCA2906} = {742A41BC-5CE5-475A-ABCA-562E8260559F}
		{C3634EAF-5D95-416A-B8EF-8E049E2A6833} = {742A41BC-5CE5-475A-ABCA-562E8260559F}
		{B07C9F37-50A7-4410-BC33-75619F011BA5} = {742A41BC-5CE5-475A-ABCA-562E8260559F}
		{CBB858D5-F10F-452C-B900-41AACAEB4D3B} = {742A41BC-5CE5-475A-ABCA-562E8260559F}
		{0796DA1F-5BCD-4163-A931-D1014E26DB7B} = {C3634EAF-5D95-416A-B8EF-8E049E2A6833}
		{2BE5F909-11CB-47F5-886D-3A8572C9472E} = {C3634EAF-5D95-416A-B8EF-8E049E2A6833}
		{1EE0CB26-7860-4AF7-BB4E-C438C0D48A33} = {B07C9F37-50A7-4410-BC33-75619F011BA5}
		{AC41DFB2-4817-4075-93B4-A6E5EAC67325} = {B07C9F37-50A7-4410-BC33-75619F011BA5}
		{E70D9D5C-6A45-4A8C-A098-EC2156467E52} = {B07C9F37-50A7-4410-BC33-75619F011BA5}
		{ABBE73B4-6160-4D28-B9D7-79333449CD81} = {CBB858D5-F10F-452C-B900-41AACAEB4D3B}
	EndGlobalSection
	GlobalSection(ExtensibilityGlobals) = postSolution
		SolutionGuid = {441F1EF3-3308-4A94-B245-EC240B73FB0F}
	EndGlobalSection
EndGlobal
